<?xml version="1.0" encoding="utf-8"?>
<Project ToolsVersion="4.0" xmlns="http://schemas.microsoft.com/developer/msbuild/2003">
  <ItemGroup>
    <Filter Include="Main">
      <UniqueIdentifier>{4FC737F1-C7A5-4376-A066-2A32D752A2FF}</UniqueIdentifier>
      <Extensions>cpp;c;cc;cxx;def;odl;idl;hpj;bat;asm;asmx</Extensions>
    </Filter>
    <Filter Include="Core Modules">
      <UniqueIdentifier>{72b85efa-930b-4213-a8ec-2f0f817410d1}</UniqueIdentifier>
    </Filter>
    <Filter Include="Utils">
      <UniqueIdentifier>{ad89cf24-f35e-4d0c-90e5-820c054c274d}</UniqueIdentifier>
    </Filter>
    <Filter Include="Game Modules">
      <UniqueIdentifier>{2aba158f-380d-4e9a-a5ca-b259fc7bb59b}</UniqueIdentifier>
    </Filter>
    <Filter Include="Geometric primitive">
      <UniqueIdentifier>{f5c49001-1ff3-4236-b461-89f3c0ad6dc3}</UniqueIdentifier>
    </Filter>
    <Filter Include="IMGUI">
      <UniqueIdentifier>{690a2244-6854-409c-91a5-d55cc6b6c3cb}</UniqueIdentifier>
    </Filter>
    <Filter Include="Lights">
      <UniqueIdentifier>{d2b50b00-9d3a-4cd6-8390-bbfe1a3e649f}</UniqueIdentifier>
    </Filter>
    <Filter Include="GameObject">
      <UniqueIdentifier>{de3dde35-3be0-4919-a5bb-3e9f0c1ac449}</UniqueIdentifier>
    </Filter>
    <Filter Include="Resources">
      <UniqueIdentifier>{5346e74b-5159-447a-8e84-6480b7f24095}</UniqueIdentifier>
    </Filter>
  </ItemGroup>
  <ItemGroup>
    <ClInclude Include="ModuleRender.h">
      <Filter>Core Modules</Filter>
    </ClInclude>
    <ClInclude Include="ModuleTextures.h">
      <Filter>Core Modules</Filter>
    </ClInclude>
    <ClInclude Include="ModuleWindow.h">
      <Filter>Core Modules</Filter>
    </ClInclude>
    <ClInclude Include="Module.h">
      <Filter>Core Modules</Filter>
    </ClInclude>
    <ClInclude Include="Application.h">
      <Filter>Main</Filter>
    </ClInclude>
    <ClInclude Include="Globals.h">
      <Filter>Main</Filter>
    </ClInclude>
    <ClInclude Include="ModuleAudio.h">
      <Filter>Core Modules</Filter>
    </ClInclude>
    <ClInclude Include="Point.h">
      <Filter>Utils</Filter>
    </ClInclude>
    <ClInclude Include="ModuleInput.h">
      <Filter>Core Modules</Filter>
    </ClInclude>
    <ClInclude Include="MemLeaks.h">
      <Filter>Utils</Filter>
    </ClInclude>
    <ClInclude Include="Parson.h">
      <Filter>Utils</Filter>
    </ClInclude>
    <ClInclude Include="Timer.h">
      <Filter>Utils</Filter>
    </ClInclude>
    <ClInclude Include="PreciseTimer.h">
      <Filter>Utils</Filter>
    </ClInclude>
    <ClInclude Include="SPrimitive.h">
      <Filter>Geometric primitive</Filter>
    </ClInclude>
    <ClInclude Include="SCube.h">
      <Filter>Geometric primitive</Filter>
    </ClInclude>
    <ClInclude Include="SPlane.h">
      <Filter>Geometric primitive</Filter>
    </ClInclude>
    <ClInclude Include="SCylinder.h">
      <Filter>Geometric primitive</Filter>
    </ClInclude>
    <ClInclude Include="ModulePrimitives.h">
      <Filter>Core Modules</Filter>
    </ClInclude>
    <ClInclude Include="ModuleCamera.h">
      <Filter>Core Modules</Filter>
    </ClInclude>
    <ClInclude Include="IMGUI\imconfig.h">
      <Filter>IMGUI</Filter>
    </ClInclude>
    <ClInclude Include="IMGUI\imgui.h">
      <Filter>IMGUI</Filter>
    </ClInclude>
    <ClInclude Include="IMGUI\imgui_impl_sdl_gl3.h">
      <Filter>IMGUI</Filter>
    </ClInclude>
    <ClInclude Include="IMGUI\imgui_internal.h">
      <Filter>IMGUI</Filter>
    </ClInclude>
    <ClInclude Include="IMGUI\stb_rect_pack.h">
      <Filter>IMGUI</Filter>
    </ClInclude>
    <ClInclude Include="IMGUI\stb_textedit.h">
      <Filter>IMGUI</Filter>
    </ClInclude>
    <ClInclude Include="IMGUI\stb_truetype.h">
      <Filter>IMGUI</Filter>
    </ClInclude>
    <ClInclude Include="ModuleGUI.h">
      <Filter>Core Modules</Filter>
    </ClInclude>
    <ClInclude Include="Utils.h">
      <Filter>Utils</Filter>
    </ClInclude>
    <ClInclude Include="Light.h">
      <Filter>Lights</Filter>
    </ClInclude>
    <ClInclude Include="LightsManager.h">
      <Filter>Lights</Filter>
    </ClInclude>
    <ClInclude Include="Component.h">
      <Filter>GameObject</Filter>
    </ClInclude>
    <ClInclude Include="GameObject.h">
      <Filter>GameObject</Filter>
    </ClInclude>
    <ClInclude Include="ComponentCamera.h">
      <Filter>GameObject</Filter>
    </ClInclude>
    <ClInclude Include="ComponentScript.h">
      <Filter>GameObject</Filter>
    </ClInclude>
    <ClInclude Include="ComponentMaterial.h">
      <Filter>GameObject</Filter>
    </ClInclude>
    <ClInclude Include="ComponentModel.h">
      <Filter>GameObject</Filter>
    </ClInclude>
    <ClInclude Include="ComponentTransform.h">
      <Filter>GameObject</Filter>
    </ClInclude>
    <ClInclude Include="ComponentLight.h">
      <Filter>GameObject</Filter>
    </ClInclude>
    <ClInclude Include="ModuleSceneManager.h">
      <Filter>Game Modules</Filter>
    </ClInclude>
    <ClInclude Include="ComponentMesh.h">
      <Filter>GameObject</Filter>
    </ClInclude>
    <ClInclude Include="ModuleAnimation.h">
      <Filter>Core Modules</Filter>
    </ClInclude>
    <ClInclude Include="AssimpIncludes.h">
      <Filter>Utils</Filter>
    </ClInclude>
    <ClInclude Include="ComponentAnim.h">
      <Filter>GameObject</Filter>
    </ClInclude>
    <ClInclude Include="Scene.h">
      <Filter>Resources</Filter>
    </ClInclude>
    <ClInclude Include="Material.h">
      <Filter>Resources</Filter>
    </ClInclude>
    <ClInclude Include="Mesh.h">
      <Filter>Resources</Filter>
    </ClInclude>
    <ClInclude Include="Model.h">
      <Filter>Resources</Filter>
    </ClInclude>
  </ItemGroup>
  <ItemGroup>
    <ClCompile Include="Application.cpp">
      <Filter>Main</Filter>
    </ClCompile>
    <ClCompile Include="ModuleRender.cpp">
      <Filter>Core Modules</Filter>
    </ClCompile>
    <ClCompile Include="ModuleTextures.cpp">
      <Filter>Core Modules</Filter>
    </ClCompile>
    <ClCompile Include="ModuleWindow.cpp">
      <Filter>Core Modules</Filter>
    </ClCompile>
    <ClCompile Include="ModuleAudio.cpp">
      <Filter>Core Modules</Filter>
    </ClCompile>
    <ClCompile Include="Log.cpp">
      <Filter>Utils</Filter>
    </ClCompile>
    <ClCompile Include="ModuleInput.cpp">
      <Filter>Core Modules</Filter>
    </ClCompile>
    <ClCompile Include="Parson.c">
      <Filter>Utils</Filter>
    </ClCompile>
    <ClCompile Include="Timer.cpp">
      <Filter>Utils</Filter>
    </ClCompile>
    <ClCompile Include="Main.cpp">
      <Filter>Main</Filter>
    </ClCompile>
    <ClCompile Include="PreciseTimer.cpp">
      <Filter>Utils</Filter>
    </ClCompile>
    <ClCompile Include="SPrimitive.cpp">
      <Filter>Geometric primitive</Filter>
    </ClCompile>
    <ClCompile Include="SCube.cpp">
      <Filter>Geometric primitive</Filter>
    </ClCompile>
    <ClCompile Include="SPlane.cpp">
      <Filter>Geometric primitive</Filter>
    </ClCompile>
    <ClCompile Include="SCylinder.cpp">
      <Filter>Geometric primitive</Filter>
    </ClCompile>
    <ClCompile Include="ModuleCamera.cpp">
      <Filter>Core Modules</Filter>
    </ClCompile>
    <ClCompile Include="ModulePrimitives.cpp">
      <Filter>Core Modules</Filter>
    </ClCompile>
    <ClCompile Include="IMGUI\imgui.cpp">
      <Filter>IMGUI</Filter>
    </ClCompile>
    <ClCompile Include="IMGUI\imgui_demo.cpp">
      <Filter>IMGUI</Filter>
    </ClCompile>
    <ClCompile Include="IMGUI\imgui_draw.cpp">
      <Filter>IMGUI</Filter>
    </ClCompile>
    <ClCompile Include="IMGUI\imgui_impl_sdl_gl3.cpp">
      <Filter>IMGUI</Filter>
    </ClCompile>
    <ClCompile Include="ModuleGUI.cpp">
      <Filter>Core Modules</Filter>
    </ClCompile>
    <ClCompile Include="Light.cpp">
      <Filter>Lights</Filter>
    </ClCompile>
    <ClCompile Include="LightsManager.cpp">
      <Filter>Lights</Filter>
    </ClCompile>
    <ClCompile Include="GameObject.cpp">
      <Filter>GameObject</Filter>
    </ClCompile>
    <ClCompile Include="Component.cpp">
      <Filter>GameObject</Filter>
    </ClCompile>
    <ClCompile Include="ComponentCamera.cpp">
      <Filter>GameObject</Filter>
    </ClCompile>
    <ClCompile Include="ComponentScript.cpp">
      <Filter>GameObject</Filter>
    </ClCompile>
    <ClCompile Include="ComponentTransform.cpp">
      <Filter>GameObject</Filter>
    </ClCompile>
    <ClCompile Include="ComponentModel.cpp">
      <Filter>GameObject</Filter>
    </ClCompile>
    <ClCompile Include="ComponentMaterial.cpp">
      <Filter>GameObject</Filter>
    </ClCompile>
    <ClCompile Include="ComponentLight.cpp">
      <Filter>GameObject</Filter>
    </ClCompile>
    <ClCompile Include="ModuleSceneManager.cpp">
      <Filter>Game Modules</Filter>
    </ClCompile>
    <ClCompile Include="ComponentMesh.cpp">
      <Filter>GameObject</Filter>
    </ClCompile>
    <ClCompile Include="ModuleAnimation.cpp">
      <Filter>Core Modules</Filter>
    </ClCompile>
    <ClCompile Include="ComponentAnim.cpp">
      <Filter>GameObject</Filter>
    </ClCompile>
    <ClCompile Include="Scene.cpp">
      <Filter>Resources</Filter>
    </ClCompile>
    <ClCompile Include="Material.cpp">
      <Filter>Resources</Filter>
    </ClCompile>
    <ClCompile Include="Mesh.cpp">
      <Filter>Resources</Filter>
    </ClCompile>
    <ClCompile Include="Model.cpp">
      <Filter>Resources</Filter>
    </ClCompile>
  </ItemGroup>
</Project>